
Microsoft Visual Studio Solution File, Format Version 12.00
# Visual Studio 15
VisualStudioVersion = 15.0.26403.3
MinimumVisualStudioVersion = 10.0.40219.1
Project("{FAE04EC0-301F-11D3-BF4B-00C04F79EFBC}") = "MathParser", "MathParser\MathParser.csproj", "{73FFDCCC-F886-425F-9776-5E94665996BA}"
EndProject
Project("{FAE04EC0-301F-11D3-BF4B-00C04F79EFBC}") = "MathParserTests", "MathParserTests\MathParserTests.csproj", "{CF8CA78F-DE6E-43EC-9DE6-915D5EB927A6}"
EndProject
Global
	GlobalSection(SolutionConfigurationPlatforms) = preSolution
		Debug|Any CPU = Debug|Any CPU
		Release|Any CPU = Release|Any CPU
	EndGlobalSection
	GlobalSection(ProjectConfigurationPlatforms) = postSolution
		{73FFDCCC-F886-425F-9776-5E94665996BA}.Debug|Any CPU.ActiveCfg = Debug|Any CPU
		{73FFDCCC-F886-425F-9776-5E94665996BA}.Debug|Any CPU.Build.0 = Debug|Any CPU
		{73FFDCCC-F886-425F-9776-5E94665996BA}.Release|Any CPU.ActiveCfg = Release|Any CPU
		{73FFDCCC-F886-425F-9776-5E94665996BA}.Release|Any CPU.Build.0 = Release|Any CPU
		{CF8CA78F-DE6E-43EC-9DE6-915D5EB927A6}.Debug|Any CPU.ActiveCfg = Debug|Any CPU
		{CF8CA78F-DE6E-43EC-9DE6-915D5EB927A6}.Debug|Any CPU.Build.0 = Debug|Any CPU
		{CF8CA78F-DE6E-43EC-9DE6-915D5EB927A6}.Release|Any CPU.ActiveCfg = Release|Any CPU
		{CF8CA78F-DE6E-43EC-9DE6-915D5EB927A6}.Release|Any CPU.Build.0 = Release|Any CPU
	EndGlobalSection
	GlobalSection(SolutionProperties) = preSolution
		HideSolutionNode = FALSE
	EndGlobalSection
EndGlobal
